
Microsoft Visual Studio Solution File, Format Version 12.00
# Visual Studio Version 17
VisualStudioVersion = 17.10.34916.146
MinimumVisualStudioVersion = 10.0.40219.1
Project("{9A19103F-16F7-4668-BE54-9A1E7A4F7556}") = "Time", "Time\Time.csproj", "{09B7EF4E-3960-47B3-A071-94911C792B80}"
EndProject
Global
	GlobalSection(SolutionConfigurationPlatforms) = preSolution
		Debug|Any CPU = Debug|Any CPU
		Release|Any CPU = Release|Any CPU
	EndGlobalSection
	GlobalSection(ProjectConfigurationPlatforms) = postSolution
		{09B7EF4E-3960-47B3-A071-94911C792B80}.Debug|Any CPU.ActiveCfg = Debug|Any CPU
		{09B7EF4E-3960-47B3-A071-94911C792B80}.Debug|Any CPU.Build.0 = Debug|Any CPU
		{09B7EF4E-3960-47B3-A071-94911C792B80}.Release|Any CPU.ActiveCfg = Release|Any CPU
		{09B7EF4E-3960-47B3-A071-94911C792B80}.Release|Any CPU.Build.0 = Release|Any CPU
	EndGlobalSection
	GlobalSection(SolutionProperties) = preSolution
		HideSolutionNode = FALSE
	EndGlobalSection
	GlobalSection(ExtensibilityGlobals) = postSolution
		SolutionGuid = {0520E309-36A1-4840-8A61-5B4A455B09A6}
	EndGlobalSection
EndGlobal
